// !$*UTF8*$!
{
	archiveVersion = 1;
	classes = {
	};
	objectVersion = 56;
	objects = {

/* Begin PBXBuildFile section */
		C3CFAE152A34B594002DFF99 /* AppDelegate.swift in Sources */ = {isa = PBXBuildFile; fileRef = C3CFAE142A34B594002DFF99 /* AppDelegate.swift */; };
		C3CFAE172A34B594002DFF99 /* SceneDelegate.swift in Sources */ = {isa = PBXBuildFile; fileRef = C3CFAE162A34B594002DFF99 /* SceneDelegate.swift */; };
		C3CFAE192A34B594002DFF99 /* ViewController.swift in Sources */ = {isa = PBXBuildFile; fileRef = C3CFAE182A34B594002DFF99 /* ViewController.swift */; };
		C3CFAE1C2A34B594002DFF99 /* Main.storyboard in Resources */ = {isa = PBXBuildFile; fileRef = C3CFAE1A2A34B594002DFF99 /* Main.storyboard */; };
		C3CFAE1E2A34B596002DFF99 /* Assets.xcassets in Resources */ = {isa = PBXBuildFile; fileRef = C3CFAE1D2A34B596002DFF99 /* Assets.xcassets */; };
		C3CFAE212A34B596002DFF99 /* LaunchScreen.storyboard in Resources */ = {isa = PBXBuildFile; fileRef = C3CFAE1F2A34B596002DFF99 /* LaunchScreen.storyboard */; };
		C3CFAE2C2A34B596002DFF99 /* XylophoneTests.swift in Sources */ = {isa = PBXBuildFile; fileRef = C3CFAE2B2A34B596002DFF99 /* XylophoneTests.swift */; };
		C3CFAE362A34B596002DFF99 /* XylophoneUITests.swift in Sources */ = {isa = PBXBuildFile; fileRef = C3CFAE352A34B596002DFF99 /* XylophoneUITests.swift */; };
		C3CFAE382A34B596002DFF99 /* XylophoneUITestsLaunchTests.swift in Sources */ = {isa = PBXBuildFile; fileRef = C3CFAE372A34B596002DFF99 /* XylophoneUITestsLaunchTests.swift */; };
		C3CFAE4C2A34BA63002DFF99 /* E.wav in Resources */ = {isa = PBXBuildFile; fileRef = C3CFAE452A34BA63002DFF99 /* E.wav */; };
		C3CFAE4D2A34BA63002DFF99 /* G.wav in Resources */ = {isa = PBXBuildFile; fileRef = C3CFAE462A34BA63002DFF99 /* G.wav */; };
		C3CFAE4E2A34BA63002DFF99 /* A.wav in Resources */ = {isa = PBXBuildFile; fileRef = C3CFAE472A34BA63002DFF99 /* A.wav */; };
		C3CFAE4F2A34BA63002DFF99 /* B.wav in Resources */ = {isa = PBXBuildFile; fileRef = C3CFAE482A34BA63002DFF99 /* B.wav */; };
		C3CFAE502A34BA63002DFF99 /* D.wav in Resources */ = {isa = PBXBuildFile; fileRef = C3CFAE492A34BA63002DFF99 /* D.wav */; };
		C3CFAE512A34BA63002DFF99 /* F.wav in Resources */ = {isa = PBXBuildFile; fileRef = C3CFAE4A2A34BA63002DFF99 /* F.wav */; };
		C3CFAE522A34BA63002DFF99 /* C.wav in Resources */ = {isa = PBXBuildFile; fileRef = C3CFAE4B2A34BA63002DFF99 /* C.wav */; };
/* End PBXBuildFile section */

/* Begin PBXContainerItemProxy section */
		C3CFAE282A34B596002DFF99 /* PBXContainerItemProxy */ = {
			isa = PBXContainerItemProxy;
			containerPortal = C3CFAE092A34B594002DFF99 /* Project object */;
			proxyType = 1;
			remoteGlobalIDString = C3CFAE102A34B594002DFF99;
			remoteInfo = Xylophone;
		};
		C3CFAE322A34B596002DFF99 /* PBXContainerItemProxy */ = {
			isa = PBXContainerItemProxy;
			containerPortal = C3CFAE092A34B594002DFF99 /* Project object */;
			proxyType = 1;
			remoteGlobalIDString = C3CFAE102A34B594002DFF99;
			remoteInfo = Xylophone;
		};
/* End PBXContainerItemProxy section */

/* Begin PBXFileReference section */
		C3CFAE112A34B594002DFF99 /* Xylophone.app */ = {isa = PBXFileReference; explicitFileType = wrapper.application; includeInIndex = 0; path = Xylophone.app; sourceTree = BUILT_PRODUCTS_DIR; };
		C3CFAE142A34B594002DFF99 /* AppDelegate.swift */ = {isa = PBXFileReference; lastKnownFileType = sourcecode.swift; path = AppDelegate.swift; sourceTree = "<group>"; };
		C3CFAE162A34B594002DFF99 /* SceneDelegate.swift */ = {isa = PBXFileReference; lastKnownFileType = sourcecode.swift; path = SceneDelegate.swift; sourceTree = "<group>"; };
		C3CFAE182A34B594002DFF99 /* ViewController.swift */ = {isa = PBXFileReference; lastKnownFileType = sourcecode.swift; path = ViewController.swift; sourceTree = "<group>"; };
		C3CFAE1B2A34B594002DFF99 /* Base */ = {isa = PBXFileReference; lastKnownFileType = file.storyboard; name = Base; path = Base.lproj/Main.storyboard; sourceTree = "<group>"; };
		C3CFAE1D2A34B596002DFF99 /* Assets.xcassets */ = {isa = PBXFileReference; lastKnownFileType = folder.assetcatalog; path = Assets.xcassets; sourceTree = "<group>"; };
		C3CFAE202A34B596002DFF99 /* Base */ = {isa = PBXFileReference; lastKnownFileType = file.storyboard; name = Base; path = Base.lproj/LaunchScreen.storyboard; sourceTree = "<group>"; };
		C3CFAE222A34B596002DFF99 /* Info.plist */ = {isa = PBXFileReference; lastKnownFileType = text.plist.xml; path = Info.plist; sourceTree = "<group>"; };
		C3CFAE272A34B596002DFF99 /* XylophoneTests.xctest */ = {isa = PBXFileReference; explicitFileType = wrapper.cfbundle; includeInIndex = 0; path = XylophoneTests.xctest; sourceTree = BUILT_PRODUCTS_DIR; };
		C3CFAE2B2A34B596002DFF99 /* XylophoneTests.swift */ = {isa = PBXFileReference; lastKnownFileType = sourcecode.swift; path = XylophoneTests.swift; sourceTree = "<group>"; };
		C3CFAE312A34B596002DFF99 /* XylophoneUITests.xctest */ = {isa = PBXFileReference; explicitFileType = wrapper.cfbundle; includeInIndex = 0; path = XylophoneUITests.xctest; sourceTree = BUILT_PRODUCTS_DIR; };
		C3CFAE352A34B596002DFF99 /* XylophoneUITests.swift */ = {isa = PBXFileReference; lastKnownFileType = sourcecode.swift; path = XylophoneUITests.swift; sourceTree = "<group>"; };
		C3CFAE372A34B596002DFF99 /* XylophoneUITestsLaunchTests.swift */ = {isa = PBXFileReference; lastKnownFileType = sourcecode.swift; path = XylophoneUITestsLaunchTests.swift; sourceTree = "<group>"; };
		C3CFAE452A34BA63002DFF99 /* E.wav */ = {isa = PBXFileReference; lastKnownFileType = audio.wav; name = E.wav; path = ../../../../../Downloads/E.wav; sourceTree = "<group>"; };
		C3CFAE462A34BA63002DFF99 /* G.wav */ = {isa = PBXFileReference; lastKnownFileType = audio.wav; name = G.wav; path = ../../../../../Downloads/G.wav; sourceTree = "<group>"; };
		C3CFAE472A34BA63002DFF99 /* A.wav */ = {isa = PBXFileReference; lastKnownFileType = audio.wav; name = A.wav; path = ../../../../../Downloads/A.wav; sourceTree = "<group>"; };
		C3CFAE482A34BA63002DFF99 /* B.wav */ = {isa = PBXFileReference; lastKnownFileType = audio.wav; name = B.wav; path = ../../../../../Downloads/B.wav; sourceTree = "<group>"; };
		C3CFAE492A34BA63002DFF99 /* D.wav */ = {isa = PBXFileReference; lastKnownFileType = audio.wav; name = D.wav; path = ../../../../../Downloads/D.wav; sourceTree = "<group>"; };
		C3CFAE4A2A34BA63002DFF99 /* F.wav */ = {isa = PBXFileReference; lastKnownFileType = audio.wav; name = F.wav; path = ../../../../../Downloads/F.wav; sourceTree = "<group>"; };
		C3CFAE4B2A34BA63002DFF99 /* C.wav */ = {isa = PBXFileReference; lastKnownFileType = audio.wav; name = C.wav; path = ../../../../../Downloads/C.wav; sourceTree = "<group>"; };
/* End PBXFileReference section */

/* Begin PBXFrameworksBuildPhase section */
		C3CFAE0E2A34B594002DFF99 /* Frameworks */ = {
			isa = PBXFrameworksBuildPhase;
			buildActionMask = 2147483647;
			files = (
			);
			runOnlyForDeploymentPostprocessing = 0;
		};
		C3CFAE242A34B596002DFF99 /* Frameworks */ = {
			isa = PBXFrameworksBuildPhase;
			buildActionMask = 2147483647;
			files = (
			);
			runOnlyForDeploymentPostprocessing = 0;
		};
		C3CFAE2E2A34B596002DFF99 /* Frameworks */ = {
			isa = PBXFrameworksBuildPhase;
			buildActionMask = 2147483647;
			files = (
			);
			runOnlyForDeploymentPostprocessing = 0;
		};
/* End PBXFrameworksBuildPhase section */

/* Begin PBXGroup section */
		C3CFAE082A34B594002DFF99 = {
			isa = PBXGroup;
			children = (
				C3CFAE132A34B594002DFF99 /* Xylophone */,
				C3CFAE2A2A34B596002DFF99 /* XylophoneTests */,
				C3CFAE342A34B596002DFF99 /* XylophoneUITests */,
				C3CFAE122A34B594002DFF99 /* Products */,
			);
			sourceTree = "<group>";
		};
		C3CFAE122A34B594002DFF99 /* Products */ = {
			isa = PBXGroup;
			children = (
				C3CFAE112A34B594002DFF99 /* Xylophone.app */,
				C3CFAE272A34B596002DFF99 /* XylophoneTests.xctest */,
				C3CFAE312A34B596002DFF99 /* XylophoneUITests.xctest */,
			);
			name = Products;
			sourceTree = "<group>";
		};
		C3CFAE132A34B594002DFF99 /* Xylophone */ = {
			isa = PBXGroup;
			children = (
				C3CFAE442A34BA0F002DFF99 /* Sounds */,
				C3CFAE142A34B594002DFF99 /* AppDelegate.swift */,
				C3CFAE162A34B594002DFF99 /* SceneDelegate.swift */,
				C3CFAE182A34B594002DFF99 /* ViewController.swift */,
				C3CFAE1A2A34B594002DFF99 /* Main.storyboard */,
				C3CFAE1D2A34B596002DFF99 /* Assets.xcassets */,
				C3CFAE1F2A34B596002DFF99 /* LaunchScreen.storyboard */,
				C3CFAE222A34B596002DFF99 /* Info.plist */,
			);
			path = Xylophone;
			sourceTree = "<group>";
		};
		C3CFAE2A2A34B596002DFF99 /* XylophoneTests */ = {
			isa = PBXGroup;
			children = (
				C3CFAE2B2A34B596002DFF99 /* XylophoneTests.swift */,
			);
			path = XylophoneTests;
			sourceTree = "<group>";
		};
		C3CFAE342A34B596002DFF99 /* XylophoneUITests */ = {
			isa = PBXGroup;
			children = (
				C3CFAE352A34B596002DFF99 /* XylophoneUITests.swift */,
				C3CFAE372A34B596002DFF99 /* XylophoneUITestsLaunchTests.swift */,
			);
			path = XylophoneUITests;
			sourceTree = "<group>";
		};
		C3CFAE442A34BA0F002DFF99 /* Sounds */ = {
			isa = PBXGroup;
			children = (
				C3CFAE472A34BA63002DFF99 /* A.wav */,
				C3CFAE482A34BA63002DFF99 /* B.wav */,
				C3CFAE4B2A34BA63002DFF99 /* C.wav */,
				C3CFAE492A34BA63002DFF99 /* D.wav */,
				C3CFAE452A34BA63002DFF99 /* E.wav */,
				C3CFAE4A2A34BA63002DFF99 /* F.wav */,
				C3CFAE462A34BA63002DFF99 /* G.wav */,
			);
			path = Sounds;
			sourceTree = "<group>";
		};
/* End PBXGroup section */

/* Begin PBXNativeTarget section */
		C3CFAE102A34B594002DFF99 /* Xylophone */ = {
			isa = PBXNativeTarget;
			buildConfigurationList = C3CFAE3B2A34B596002DFF99 /* Build configuration list for PBXNativeTarget "Xylophone" */;
			buildPhases = (
				C3CFAE0D2A34B594002DFF99 /* Sources */,
				C3CFAE0E2A34B594002DFF99 /* Frameworks */,
				C3CFAE0F2A34B594002DFF99 /* Resources */,
			);
			buildRules = (
			);
			dependencies = (
			);
			name = Xylophone;
			productName = Xylophone;
			productReference = C3CFAE112A34B594002DFF99 /* Xylophone.app */;
			productType = "com.apple.product-type.application";
		};
		C3CFAE262A34B596002DFF99 /* XylophoneTests */ = {
			isa = PBXNativeTarget;
			buildConfigurationList = C3CFAE3E2A34B596002DFF99 /* Build configuration list for PBXNativeTarget "XylophoneTests" */;
			buildPhases = (
				C3CFAE232A34B596002DFF99 /* Sources */,
				C3CFAE242A34B596002DFF99 /* Frameworks */,
				C3CFAE252A34B596002DFF99 /* Resources */,
			);
			buildRules = (
			);
			dependencies = (
				C3CFAE292A34B596002DFF99 /* PBXTargetDependency */,
			);
			name = XylophoneTests;
			productName = XylophoneTests;
			productReference = C3CFAE272A34B596002DFF99 /* XylophoneTests.xctest */;
			productType = "com.apple.product-type.bundle.unit-test";
		};
		C3CFAE302A34B596002DFF99 /* XylophoneUITests */ = {
			isa = PBXNativeTarget;
			buildConfigurationList = C3CFAE412A34B596002DFF99 /* Build configuration list for PBXNativeTarget "XylophoneUITests" */;
			buildPhases = (
				C3CFAE2D2A34B596002DFF99 /* Sources */,
				C3CFAE2E2A34B596002DFF99 /* Frameworks */,
				C3CFAE2F2A34B596002DFF99 /* Resources */,
			);
			buildRules = (
			);
			dependencies = (
				C3CFAE332A34B596002DFF99 /* PBXTargetDependency */,
			);
			name = XylophoneUITests;
			productName = XylophoneUITests;
			productReference = C3CFAE312A34B596002DFF99 /* XylophoneUITests.xctest */;
			productType = "com.apple.product-type.bundle.ui-testing";
		};
/* End PBXNativeTarget section */

/* Begin PBXProject section */
		C3CFAE092A34B594002DFF99 /* Project object */ = {
			isa = PBXProject;
			attributes = {
				BuildIndependentTargetsInParallel = 1;
				LastSwiftUpdateCheck = 1430;
				LastUpgradeCheck = 1430;
				TargetAttributes = {
					C3CFAE102A34B594002DFF99 = {
						CreatedOnToolsVersion = 14.3;
					};
					C3CFAE262A34B596002DFF99 = {
						CreatedOnToolsVersion = 14.3;
						TestTargetID = C3CFAE102A34B594002DFF99;
					};
					C3CFAE302A34B596002DFF99 = {
						CreatedOnToolsVersion = 14.3;
						TestTargetID = C3CFAE102A34B594002DFF99;
					};
				};
			};
			buildConfigurationList = C3CFAE0C2A34B594002DFF99 /* Build configuration list for PBXProject "Xylophone" */;
			compatibilityVersion = "Xcode 14.0";
			developmentRegion = en;
			hasScannedForEncodings = 0;
			knownRegions = (
				en,
				Base,
			);
			mainGroup = C3CFAE082A34B594002DFF99;
			productRefGroup = C3CFAE122A34B594002DFF99 /* Products */;
			projectDirPath = "";
			projectRoot = "";
			targets = (
				C3CFAE102A34B594002DFF99 /* Xylophone */,
				C3CFAE262A34B596002DFF99 /* XylophoneTests */,
				C3CFAE302A34B596002DFF99 /* XylophoneUITests */,
			);
		};
/* End PBXProject section */

/* Begin PBXResourcesBuildPhase section */
		C3CFAE0F2A34B594002DFF99 /* Resources */ = {
			isa = PBXResourcesBuildPhase;
			buildActionMask = 2147483647;
			files = (
				C3CFAE4E2A34BA63002DFF99 /* A.wav in Resources */,
				C3CFAE212A34B596002DFF99 /* LaunchScreen.storyboard in Resources */,
				C3CFAE4D2A34BA63002DFF99 /* G.wav in Resources */,
				C3CFAE512A34BA63002DFF99 /* F.wav in Resources */,
				C3CFAE522A34BA63002DFF99 /* C.wav in Resources */,
				C3CFAE4F2A34BA63002DFF99 /* B.wav in Resources */,
				C3CFAE1E2A34B596002DFF99 /* Assets.xcassets in Resources */,
				C3CFAE502A34BA63002DFF99 /* D.wav in Resources */,
				C3CFAE4C2A34BA63002DFF99 /* E.wav in Resources */,
				C3CFAE1C2A34B594002DFF99 /* Main.storyboard in Resources */,
			);
			runOnlyForDeploymentPostprocessing = 0;
		};
		C3CFAE252A34B596002DFF99 /* Resources */ = {
			isa = PBXResourcesBuildPhase;
			buildActionMask = 2147483647;
			files = (
			);
			runOnlyForDeploymentPostprocessing = 0;
		};
		C3CFAE2F2A34B596002DFF99 /* Resources */ = {
			isa = PBXResourcesBuildPhase;
			buildActionMask = 2147483647;
			files = (
			);
			runOnlyForDeploymentPostprocessing = 0;
		};
/* End PBXResourcesBuildPhase section */

/* Begin PBXSourcesBuildPhase section */
		C3CFAE0D2A34B594002DFF99 /* Sources */ = {
			isa = PBXSourcesBuildPhase;
			buildActionMask = 2147483647;
			files = (
				C3CFAE192A34B594002DFF99 /* ViewController.swift in Sources */,
				C3CFAE152A34B594002DFF99 /* AppDelegate.swift in Sources */,
				C3CFAE172A34B594002DFF99 /* SceneDelegate.swift in Sources */,
			);
			runOnlyForDeploymentPostprocessing = 0;
		};
		C3CFAE232A34B596002DFF99 /* Sources */ = {
			isa = PBXSourcesBuildPhase;
			buildActionMask = 2147483647;
			files = (
				C3CFAE2C2A34B596002DFF99 /* XylophoneTests.swift in Sources */,
			);
			runOnlyForDeploymentPostprocessing = 0;
		};
		C3CFAE2D2A34B596002DFF99 /* Sources */ = {
			isa = PBXSourcesBuildPhase;
			buildActionMask = 2147483647;
			files = (
				C3CFAE362A34B596002DFF99 /* XylophoneUITests.swift in Sources */,
				C3CFAE382A34B596002DFF99 /* XylophoneUITestsLaunchTests.swift in Sources */,
			);
			runOnlyForDeploymentPostprocessing = 0;
		};
/* End PBXSourcesBuildPhase section */

/* Begin PBXTargetDependency section */
		C3CFAE292A34B596002DFF99 /* PBXTargetDependency */ = {
			isa = PBXTargetDependency;
			target = C3CFAE102A34B594002DFF99 /* Xylophone */;
			targetProxy = C3CFAE282A34B596002DFF99 /* PBXContainerItemProxy */;
		};
		C3CFAE332A34B596002DFF99 /* PBXTargetDependency */ = {
			isa = PBXTargetDependency;
			target = C3CFAE102A34B594002DFF99 /* Xylophone */;
			targetProxy = C3CFAE322A34B596002DFF99 /* PBXContainerItemProxy */;
		};
/* End PBXTargetDependency section */

/* Begin PBXVariantGroup section */
		C3CFAE1A2A34B594002DFF99 /* Main.storyboard */ = {
			isa = PBXVariantGroup;
			children = (
				C3CFAE1B2A34B594002DFF99 /* Base */,
			);
			name = Main.storyboard;
			sourceTree = "<group>";
		};
		C3CFAE1F2A34B596002DFF99 /* LaunchScreen.storyboard */ = {
			isa = PBXVariantGroup;
			children = (
				C3CFAE202A34B596002DFF99 /* Base */,
			);
			name = LaunchScreen.storyboard;
			sourceTree = "<group>";
		};
/* End PBXVariantGroup section */

/* Begin XCBuildConfiguration section */
		C3CFAE392A34B596002DFF99 /* Debug */ = {
			isa = XCBuildConfiguration;
			buildSettings = {
				ALWAYS_SEARCH_USER_PATHS = NO;
				CLANG_ANALYZER_NONNULL = YES;
				CLANG_ANALYZER_NUMBER_OBJECT_CONVERSION = YES_AGGRESSIVE;
				CLANG_CXX_LANGUAGE_STANDARD = "gnu++20";
				CLANG_ENABLE_MODULES = YES;
				CLANG_ENABLE_OBJC_ARC = YES;
				CLANG_ENABLE_OBJC_WEAK = YES;
				CLANG_WARN_BLOCK_CAPTURE_AUTORELEASING = YES;
				CLANG_WARN_BOOL_CONVERSION = YES;
				CLANG_WARN_COMMA = YES;
				CLANG_WARN_CONSTANT_CONVERSION = YES;
				CLANG_WARN_DEPRECATED_OBJC_IMPLEMENTATIONS = YES;
				CLANG_WARN_DIRECT_OBJC_ISA_USAGE = YES_ERROR;
				CLANG_WARN_DOCUMENTATION_COMMENTS = YES;
				CLANG_WARN_EMPTY_BODY = YES;
				CLANG_WARN_ENUM_CONVERSION = YES;
				CLANG_WARN_INFINITE_RECURSION = YES;
				CLANG_WARN_INT_CONVERSION = YES;
				CLANG_WARN_NON_LITERAL_NULL_CONVERSION = YES;
				CLANG_WARN_OBJC_IMPLICIT_RETAIN_SELF = YES;
				CLANG_WARN_OBJC_LITERAL_CONVERSION = YES;
				CLANG_WARN_OBJC_ROOT_CLASS = YES_ERROR;
				CLANG_WARN_QUOTED_INCLUDE_IN_FRAMEWORK_HEADER = YES;
				CLANG_WARN_RANGE_LOOP_ANALYSIS = YES;
				CLANG_WARN_STRICT_PROTOTYPES = YES;
				CLANG_WARN_SUSPICIOUS_MOVE = YES;
				CLANG_WARN_UNGUARDED_AVAILABILITY = YES_AGGRESSIVE;
				CLANG_WARN_UNREACHABLE_CODE = YES;
				CLANG_WARN__DUPLICATE_METHOD_MATCH = YES;
				COPY_PHASE_STRIP = NO;
				DEBUG_INFORMATION_FORMAT = dwarf;
				ENABLE_STRICT_OBJC_MSGSEND = YES;
				ENABLE_TESTABILITY = YES;
				GCC_C_LANGUAGE_STANDARD = gnu11;
				GCC_DYNAMIC_NO_PIC = NO;
				GCC_NO_COMMON_BLOCKS = YES;
				GCC_OPTIMIZATION_LEVEL = 0;
				GCC_PREPROCESSOR_DEFINITIONS = (
					"DEBUG=1",
					"$(inherited)",
				);
				GCC_WARN_64_TO_32_BIT_CONVERSION = YES;
				GCC_WARN_ABOUT_RETURN_TYPE = YES_ERROR;
				GCC_WARN_UNDECLARED_SELECTOR = YES;
				GCC_WARN_UNINITIALIZED_AUTOS = YES_AGGRESSIVE;
				GCC_WARN_UNUSED_FUNCTION = YES;
				GCC_WARN_UNUSED_VARIABLE = YES;
				IPHONEOS_DEPLOYMENT_TARGET = 16.4;
				MTL_ENABLE_DEBUG_INFO = INCLUDE_SOURCE;
				MTL_FAST_MATH = YES;
				ONLY_ACTIVE_ARCH = YES;
				SDKROOT = iphoneos;
				SWIFT_ACTIVE_COMPILATION_CONDITIONS = DEBUG;
				SWIFT_OPTIMIZATION_LEVEL = "-Onone";
			};
			name = Debug;
		};
		C3CFAE3A2A34B596002DFF99 /* Release */ = {
			isa = XCBuildConfiguration;
			buildSettings = {
				ALWAYS_SEARCH_USER_PATHS = NO;
				CLANG_ANALYZER_NONNULL = YES;
				CLANG_ANALYZER_NUMBER_OBJECT_CONVERSION = YES_AGGRESSIVE;
				CLANG_CXX_LANGUAGE_STANDARD = "gnu++20";
				CLANG_ENABLE_MODULES = YES;
				CLANG_ENABLE_OBJC_ARC = YES;
				CLANG_ENABLE_OBJC_WEAK = YES;
				CLANG_WARN_BLOCK_CAPTURE_AUTORELEASING = YES;
				CLANG_WARN_BOOL_CONVERSION = YES;
				CLANG_WARN_COMMA = YES;
				CLANG_WARN_CONSTANT_CONVERSION = YES;
				CLANG_WARN_DEPRECATED_OBJC_IMPLEMENTATIONS = YES;
				CLANG_WARN_DIRECT_OBJC_ISA_USAGE = YES_ERROR;
				CLANG_WARN_DOCUMENTATION_COMMENTS = YES;
				CLANG_WARN_EMPTY_BODY = YES;
				CLANG_WARN_ENUM_CONVERSION = YES;
				CLANG_WARN_INFINITE_RECURSION = YES;
				CLANG_WARN_INT_CONVERSION = YES;
				CLANG_WARN_NON_LITERAL_NULL_CONVERSION = YES;
				CLANG_WARN_OBJC_IMPLICIT_RETAIN_SELF = YES;
				CLANG_WARN_OBJC_LITERAL_CONVERSION = YES;
				CLANG_WARN_OBJC_ROOT_CLASS = YES_ERROR;
				CLANG_WARN_QUOTED_INCLUDE_IN_FRAMEWORK_HEADER = YES;
				CLANG_WARN_RANGE_LOOP_ANALYSIS = YES;
				CLANG_WARN_STRICT_PROTOTYPES = YES;
				CLANG_WARN_SUSPICIOUS_MOVE = YES;
				CLANG_WARN_UNGUARDED_AVAILABILITY = YES_AGGRESSIVE;
				CLANG_WARN_UNREACHABLE_CODE = YES;
				CLANG_WARN__DUPLICATE_METHOD_MATCH = YES;
				COPY_PHASE_STRIP = NO;
				DEBUG_INFORMATION_FORMAT = "dwarf-with-dsym";
				ENABLE_NS_ASSERTIONS = NO;
				ENABLE_STRICT_OBJC_MSGSEND = YES;
				GCC_C_LANGUAGE_STANDARD = gnu11;
				GCC_NO_COMMON_BLOCKS = YES;
				GCC_WARN_64_TO_32_BIT_CONVERSION = YES;
				GCC_WARN_ABOUT_RETURN_TYPE = YES_ERROR;
				GCC_WARN_UNDECLARED_SELECTOR = YES;
				GCC_WARN_UNINITIALIZED_AUTOS = YES_AGGRESSIVE;
				GCC_WARN_UNUSED_FUNCTION = YES;
				GCC_WARN_UNUSED_VARIABLE = YES;
				IPHONEOS_DEPLOYMENT_TARGET = 16.4;
				MTL_ENABLE_DEBUG_INFO = NO;
				MTL_FAST_MATH = YES;
				SDKROOT = iphoneos;
				SWIFT_COMPILATION_MODE = wholemodule;
				SWIFT_OPTIMIZATION_LEVEL = "-O";
				VALIDATE_PRODUCT = YES;
			};
			name = Release;
		};
		C3CFAE3C2A34B596002DFF99 /* Debug */ = {
			isa = XCBuildConfiguration;
			buildSettings = {
				ASSETCATALOG_COMPILER_APPICON_NAME = AppIcon;
				ASSETCATALOG_COMPILER_GLOBAL_ACCENT_COLOR_NAME = AccentColor;
				CODE_SIGN_STYLE = Automatic;
				CURRENT_PROJECT_VERSION = 1;
				GENERATE_INFOPLIST_FILE = YES;
				INFOPLIST_FILE = Xylophone/Info.plist;
				INFOPLIST_KEY_UIApplicationSupportsIndirectInputEvents = YES;
				INFOPLIST_KEY_UILaunchStoryboardName = LaunchScreen;
				INFOPLIST_KEY_UIMainStoryboardFile = Main;
				INFOPLIST_KEY_UISupportedInterfaceOrientations_iPad = "UIInterfaceOrientationPortrait UIInterfaceOrientationPortraitUpsideDown UIInterfaceOrientationLandscapeLeft UIInterfaceOrientationLandscapeRight";
				INFOPLIST_KEY_UISupportedInterfaceOrientations_iPhone = "UIInterfaceOrientationPortrait UIInterfaceOrientationLandscapeLeft UIInterfaceOrientationLandscapeRight";
				LD_RUNPATH_SEARCH_PATHS = (
					"$(inherited)",
					"@executable_path/Frameworks",
				);
				MARKETING_VERSION = 1.0;
				PRODUCT_BUNDLE_IDENTIFIER = tin.learn.Xylophone;
				PRODUCT_NAME = "$(TARGET_NAME)";
				SWIFT_EMIT_LOC_STRINGS = YES;
				SWIFT_VERSION = 5.0;
				TARGETED_DEVICE_FAMILY = "1,2";
			};
			name = Debug;
		};
		C3CFAE3D2A34B596002DFF99 /* Release */ = {
			isa = XCBuildConfiguration;
			buildSettings = {
				ASSETCATALOG_COMPILER_APPICON_NAME = AppIcon;
				ASSETCATALOG_COMPILER_GLOBAL_ACCENT_COLOR_NAME = AccentColor;
				CODE_SIGN_STYLE = Automatic;
				CURRENT_PROJECT_VERSION = 1;
				GENERATE_INFOPLIST_FILE = YES;
				INFOPLIST_FILE = Xylophone/Info.plist;
				INFOPLIST_KEY_UIApplicationSupportsIndirectInputEvents = YES;
				INFOPLIST_KEY_UILaunchStoryboardName = LaunchScreen;
				INFOPLIST_KEY_UIMainStoryboardFile = Main;
				INFOPLIST_KEY_UISupportedInterfaceOrientations_iPad = "UIInterfaceOrientationPortrait UIInterfaceOrientationPortraitUpsideDown UIInterfaceOrientationLandscapeLeft UIInterfaceOrientationLandscapeRight";
				INFOPLIST_KEY_UISupportedInterfaceOrientations_iPhone = "UIInterfaceOrientationPortrait UIInterfaceOrientationLandscapeLeft UIInterfaceOrientationLandscapeRight";
				LD_RUNPATH_SEARCH_PATHS = (
					"$(inherited)",
					"@executable_path/Frameworks",
				);
				MARKETING_VERSION = 1.0;
				PRODUCT_BUNDLE_IDENTIFIER = tin.learn.Xylophone;
				PRODUCT_NAME = "$(TARGET_NAME)";
				SWIFT_EMIT_LOC_STRINGS = YES;
				SWIFT_VERSION = 5.0;
				TARGETED_DEVICE_FAMILY = "1,2";
			};
			name = Release;
		};
		C3CFAE3F2A34B596002DFF99 /* Debug */ = {
			isa = XCBuildConfiguration;
			buildSettings = {
				ALWAYS_EMBED_SWIFT_STANDARD_LIBRARIES = YES;
				BUNDLE_LOADER = "$(TEST_HOST)";
				CODE_SIGN_STYLE = Automatic;
				CURRENT_PROJECT_VERSION = 1;
				GENERATE_INFOPLIST_FILE = YES;
				IPHONEOS_DEPLOYMENT_TARGET = 16.4;
				MARKETING_VERSION = 1.0;
				PRODUCT_BUNDLE_IDENTIFIER = tin.learn.XylophoneTests;
				PRODUCT_NAME = "$(TARGET_NAME)";
				SWIFT_EMIT_LOC_STRINGS = NO;
				SWIFT_VERSION = 5.0;
				TARGETED_DEVICE_FAMILY = "1,2";
				TEST_HOST = "$(BUILT_PRODUCTS_DIR)/Xylophone.app/$(BUNDLE_EXECUTABLE_FOLDER_PATH)/Xylophone";
			};
			name = Debug;
		};
		C3CFAE402A34B596002DFF99 /* Release */ = {
			isa = XCBuildConfiguration;
			buildSettings = {
				ALWAYS_EMBED_SWIFT_STANDARD_LIBRARIES = YES;
				BUNDLE_LOADER = "$(TEST_HOST)";
				CODE_SIGN_STYLE = Automatic;
				CURRENT_PROJECT_VERSION = 1;
				GENERATE_INFOPLIST_FILE = YES;
				IPHONEOS_DEPLOYMENT_TARGET = 16.4;
				MARKETING_VERSION = 1.0;
				PRODUCT_BUNDLE_IDENTIFIER = tin.learn.XylophoneTests;
				PRODUCT_NAME = "$(TARGET_NAME)";
				SWIFT_EMIT_LOC_STRINGS = NO;
				SWIFT_VERSION = 5.0;
				TARGETED_DEVICE_FAMILY = "1,2";
				TEST_HOST = "$(BUILT_PRODUCTS_DIR)/Xylophone.app/$(BUNDLE_EXECUTABLE_FOLDER_PATH)/Xylophone";
			};
			name = Release;
		};
		C3CFAE422A34B596002DFF99 /* Debug */ = {
			isa = XCBuildConfiguration;
			buildSettings = {
				ALWAYS_EMBED_SWIFT_STANDARD_LIBRARIES = YES;
				CODE_SIGN_STYLE = Automatic;
				CURRENT_PROJECT_VERSION = 1;
				GENERATE_INFOPLIST_FILE = YES;
				MARKETING_VERSION = 1.0;
				PRODUCT_BUNDLE_IDENTIFIER = tin.learn.XylophoneUITests;
				PRODUCT_NAME = "$(TARGET_NAME)";
				SWIFT_EMIT_LOC_STRINGS = NO;
				SWIFT_VERSION = 5.0;
				TARGETED_DEVICE_FAMILY = "1,2";
				TEST_TARGET_NAME = Xylophone;
			};
			name = Debug;
		};
		C3CFAE432A34B596002DFF99 /* Release */ = {
			isa = XCBuildConfiguration;
			buildSettings = {
				ALWAYS_EMBED_SWIFT_STANDARD_LIBRARIES = YES;
				CODE_SIGN_STYLE = Automatic;
				CURRENT_PROJECT_VERSION = 1;
				GENERATE_INFOPLIST_FILE = YES;
				MARKETING_VERSION = 1.0;
				PRODUCT_BUNDLE_IDENTIFIER = tin.learn.XylophoneUITests;
				PRODUCT_NAME = "$(TARGET_NAME)";
				SWIFT_EMIT_LOC_STRINGS = NO;
				SWIFT_VERSION = 5.0;
				TARGETED_DEVICE_FAMILY = "1,2";
				TEST_TARGET_NAME = Xylophone;
			};
			name = Release;
		};
/* End XCBuildConfiguration section */

/* Begin XCConfigurationList section */
		C3CFAE0C2A34B594002DFF99 /* Build configuration list for PBXProject "Xylophone" */ = {
			isa = XCConfigurationList;
			buildConfigurations = (
				C3CFAE392A34B596002DFF99 /* Debug */,
				C3CFAE3A2A34B596002DFF99 /* Release */,
			);
			defaultConfigurationIsVisible = 0;
			defaultConfigurationName = Release;
		};
		C3CFAE3B2A34B596002DFF99 /* Build configuration list for PBXNativeTarget "Xylophone" */ = {
			isa = XCConfigurationList;
			buildConfigurations = (
				C3CFAE3C2A34B596002DFF99 /* Debug */,
				C3CFAE3D2A34B596002DFF99 /* Release */,
			);
			defaultConfigurationIsVisible = 0;
			defaultConfigurationName = Release;
		};
		C3CFAE3E2A34B596002DFF99 /* Build configuration list for PBXNativeTarget "XylophoneTests" */ = {
			isa = XCConfigurationList;
			buildConfigurations = (
				C3CFAE3F2A34B596002DFF99 /* Debug */,
				C3CFAE402A34B596002DFF99 /* Release */,
			);
			defaultConfigurationIsVisible = 0;
			defaultConfigurationName = Release;
		};
		C3CFAE412A34B596002DFF99 /* Build configuration list for PBXNativeTarget "XylophoneUITests" */ = {
			isa = XCConfigurationList;
			buildConfigurations = (
				C3CFAE422A34B596002DFF99 /* Debug */,
				C3CFAE432A34B596002DFF99 /* Release */,
			);
			defaultConfigurationIsVisible = 0;
			defaultConfigurationName = Release;
		};
/* End XCConfigurationList section */
	};
	rootObject = C3CFAE092A34B594002DFF99 /* Project object */;
}
